
Microsoft Visual Studio Solution File, Format Version 12.00
# Visual Studio 2015
Project("{FAE04EC0-301F-11D3-BF4B-00C04F79EFBC}") = "office_text_adventure", "office_text_adventure.csproj", "{8A71A9F5-9D59-CB57-D5D6-7160DE9F56FD}"
EndProject
Global
	GlobalSection(SolutionConfigurationPlatforms) = preSolution
		Debug|Any CPU = Debug|Any CPU
		Release|Any CPU = Release|Any CPU
	EndGlobalSection
	GlobalSection(ProjectConfigurationPlatforms) = postSolution
		{8A71A9F5-9D59-CB57-D5D6-7160DE9F56FD}.Debug|Any CPU.ActiveCfg = Debug|Any CPU
		{8A71A9F5-9D59-CB57-D5D6-7160DE9F56FD}.Debug|Any CPU.Build.0 = Debug|Any CPU
		{8A71A9F5-9D59-CB57-D5D6-7160DE9F56FD}.Release|Any CPU.ActiveCfg = Release|Any CPU
		{8A71A9F5-9D59-CB57-D5D6-7160DE9F56FD}.Release|Any CPU.Build.0 = Release|Any CPU
	EndGlobalSection
	GlobalSection(SolutionProperties) = preSolution
		HideSolutionNode = FALSE
	EndGlobalSection
EndGlobal
